// !$*UTF8*$!
{
	archiveVersion = 1;
	classes = {
	};
	objectVersion = 46;
	objects = {

/* Begin PBXBuildFile section */
		539DD08C1ED42DDF002089B5 /* UIView+Extension.m in Sources */ = {isa = PBXBuildFile; fileRef = 539DD08B1ED42DDF002089B5 /* UIView+Extension.m */; };
		53EAE5B01ED41CB50024F193 /* main.m in Sources */ = {isa = PBXBuildFile; fileRef = 53EAE5AF1ED41CB50024F193 /* main.m */; };
		53EAE5B31ED41CB50024F193 /* AppDelegate.m in Sources */ = {isa = PBXBuildFile; fileRef = 53EAE5B21ED41CB50024F193 /* AppDelegate.m */; };
		53EAE5B61ED41CB50024F193 /* ViewController.m in Sources */ = {isa = PBXBuildFile; fileRef = 53EAE5B51ED41CB50024F193 /* ViewController.m */; };
		53EAE5B91ED41CB50024F193 /* Main.storyboard in Resources */ = {isa = PBXBuildFile; fileRef = 53EAE5B71ED41CB50024F193 /* Main.storyboard */; };
		53EAE5BB1ED41CB50024F193 /* Assets.xcassets in Resources */ = {isa = PBXBuildFile; fileRef = 53EAE5BA1ED41CB50024F193 /* Assets.xcassets */; };
		53EAE5BE1ED41CB50024F193 /* LaunchScreen.storyboard in Resources */ = {isa = PBXBuildFile; fileRef = 53EAE5BC1ED41CB50024F193 /* LaunchScreen.storyboard */; };
		53EAE5C71ED41D1A0024F193 /* ZDScrollView.m in Sources */ = {isa = PBXBuildFile; fileRef = 53EAE5C61ED41D1A0024F193 /* ZDScrollView.m */; };
/* End PBXBuildFile section */

/* Begin PBXFileReference section */
		539DD08A1ED42DDF002089B5 /* UIView+Extension.h */ = {isa = PBXFileReference; fileEncoding = 4; lastKnownFileType = sourcecode.c.h; path = "UIView+Extension.h"; sourceTree = "<group>"; };
		539DD08B1ED42DDF002089B5 /* UIView+Extension.m */ = {isa = PBXFileReference; fileEncoding = 4; lastKnownFileType = sourcecode.c.objc; path = "UIView+Extension.m"; sourceTree = "<group>"; };
		53EAE5AB1ED41CB50024F193 /* ScrollToCenter.app */ = {isa = PBXFileReference; explicitFileType = wrapper.application; includeInIndex = 0; path = ScrollToCenter.app; sourceTree = BUILT_PRODUCTS_DIR; };
		53EAE5AF1ED41CB50024F193 /* main.m */ = {isa = PBXFileReference; lastKnownFileType = sourcecode.c.objc; path = main.m; sourceTree = "<group>"; };
		53EAE5B11ED41CB50024F193 /* AppDelegate.h */ = {isa = PBXFileReference; lastKnownFileType = sourcecode.c.h; path = AppDelegate.h; sourceTree = "<group>"; };
		53EAE5B21ED41CB50024F193 /* AppDelegate.m */ = {isa = PBXFileReference; lastKnownFileType = sourcecode.c.objc; path = AppDelegate.m; sourceTree = "<group>"; };
		53EAE5B41ED41CB50024F193 /* ViewController.h */ = {isa = PBXFileReference; lastKnownFileType = sourcecode.c.h; path = ViewController.h; sourceTree = "<group>"; };
		53EAE5B51ED41CB50024F193 /* ViewController.m */ = {isa = PBXFileReference; lastKnownFileType = sourcecode.c.objc; path = ViewController.m; sourceTree = "<group>"; };
		53EAE5B81ED41CB50024F193 /* Base */ = {isa = PBXFileReference; lastKnownFileType = file.storyboard; name = Base; path = Base.lproj/Main.storyboard; sourceTree = "<group>"; };
		53EAE5BA1ED41CB50024F193 /* Assets.xcassets */ = {isa = PBXFileReference; lastKnownFileType = folder.assetcatalog; path = Assets.xcassets; sourceTree = "<group>"; };
		53EAE5BD1ED41CB50024F193 /* Base */ = {isa = PBXFileReference; lastKnownFileType = file.storyboard; name = Base; path = Base.lproj/LaunchScreen.storyboard; sourceTree = "<group>"; };
		53EAE5BF1ED41CB50024F193 /* Info.plist */ = {isa = PBXFileReference; lastKnownFileType = text.plist.xml; path = Info.plist; sourceTree = "<group>"; };
		53EAE5C51ED41D1A0024F193 /* ZDScrollView.h */ = {isa = PBXFileReference; fileEncoding = 4; lastKnownFileType = sourcecode.c.h; path = ZDScrollView.h; sourceTree = "<group>"; };
		53EAE5C61ED41D1A0024F193 /* ZDScrollView.m */ = {isa = PBXFileReference; fileEncoding = 4; lastKnownFileType = sourcecode.c.objc; path = ZDScrollView.m; sourceTree = "<group>"; };
/* End PBXFileReference section */

/* Begin PBXFrameworksBuildPhase section */
		53EAE5A81ED41CB50024F193 /* Frameworks */ = {
			isa = PBXFrameworksBuildPhase;
			buildActionMask = 2147483647;
			files = (
			);
			runOnlyForDeploymentPostprocessing = 0;
		};
/* End PBXFrameworksBuildPhase section */

/* Begin PBXGroup section */
		539DD0891ED42DDF002089B5 /* Tool */ = {
			isa = PBXGroup;
			children = (
				539DD08A1ED42DDF002089B5 /* UIView+Extension.h */,
				539DD08B1ED42DDF002089B5 /* UIView+Extension.m */,
			);
			path = Tool;
			sourceTree = "<group>";
		};
		53EAE5A21ED41CB50024F193 = {
			isa = PBXGroup;
			children = (
				53EAE5AD1ED41CB50024F193 /* ScrollToCenter */,
				53EAE5AC1ED41CB50024F193 /* Products */,
			);
			sourceTree = "<group>";
		};
		53EAE5AC1ED41CB50024F193 /* Products */ = {
			isa = PBXGroup;
			children = (
				53EAE5AB1ED41CB50024F193 /* ScrollToCenter.app */,
			);
			name = Products;
			sourceTree = "<group>";
		};
		53EAE5AD1ED41CB50024F193 /* ScrollToCenter */ = {
			isa = PBXGroup;
			children = (
				539DD0891ED42DDF002089B5 /* Tool */,
				53EAE5B11ED41CB50024F193 /* AppDelegate.h */,
				53EAE5B21ED41CB50024F193 /* AppDelegate.m */,
				53EAE5B41ED41CB50024F193 /* ViewController.h */,
				53EAE5B51ED41CB50024F193 /* ViewController.m */,
				53EAE5C51ED41D1A0024F193 /* ZDScrollView.h */,
				53EAE5C61ED41D1A0024F193 /* ZDScrollView.m */,
				53EAE5B71ED41CB50024F193 /* Main.storyboard */,
				53EAE5BA1ED41CB50024F193 /* Assets.xcassets */,
				53EAE5BC1ED41CB50024F193 /* LaunchScreen.storyboard */,
				53EAE5BF1ED41CB50024F193 /* Info.plist */,
				53EAE5AE1ED41CB50024F193 /* Supporting Files */,
			);
			path = ScrollToCenter;
			sourceTree = "<group>";
		};
		53EAE5AE1ED41CB50024F193 /* Supporting Files */ = {
			isa = PBXGroup;
			children = (
				53EAE5AF1ED41CB50024F193 /* main.m */,
			);
			name = "Supporting Files";
			sourceTree = "<group>";
		};
/* End PBXGroup section */

/* Begin PBXNativeTarget section */
		53EAE5AA1ED41CB50024F193 /* ScrollToCenter */ = {
			isa = PBXNativeTarget;
			buildConfigurationList = 53EAE5C21ED41CB50024F193 /* Build configuration list for PBXNativeTarget "ScrollToCenter" */;
			buildPhases = (
				53EAE5A71ED41CB50024F193 /* Sources */,
				53EAE5A81ED41CB50024F193 /* Frameworks */,
				53EAE5A91ED41CB50024F193 /* Resources */,
			);
			buildRules = (
			);
			dependencies = (
			);
			name = ScrollToCenter;
			productName = ScrollToCenter;
			productReference = 53EAE5AB1ED41CB50024F193 /* ScrollToCenter.app */;
			productType = "com.apple.product-type.application";
		};
/* End PBXNativeTarget section */

/* Begin PBXProject section */
		53EAE5A31ED41CB50024F193 /* Project object */ = {
			isa = PBXProject;
			attributes = {
				CLASSPREFIX = ZD;
				LastUpgradeCheck = 0830;
				ORGANIZATIONNAME = zhudong;
				TargetAttributes = {
					53EAE5AA1ED41CB50024F193 = {
						CreatedOnToolsVersion = 8.3.1;
						ProvisioningStyle = Automatic;
					};
				};
			};
			buildConfigurationList = 53EAE5A61ED41CB50024F193 /* Build configuration list for PBXProject "ScrollToCenter" */;
			compatibilityVersion = "Xcode 3.2";
			developmentRegion = English;
			hasScannedForEncodings = 0;
			knownRegions = (
				en,
				Base,
			);
			mainGroup = 53EAE5A21ED41CB50024F193;
			productRefGroup = 53EAE5AC1ED41CB50024F193 /* Products */;
			projectDirPath = "";
			projectRoot = "";
			targets = (
				53EAE5AA1ED41CB50024F193 /* ScrollToCenter */,
			);
		};
/* End PBXProject section */

/* Begin PBXResourcesBuildPhase section */
		53EAE5A91ED41CB50024F193 /* Resources */ = {
			isa = PBXResourcesBuildPhase;
			buildActionMask = 2147483647;
			files = (
				53EAE5BE1ED41CB50024F193 /* LaunchScreen.storyboard in Resources */,
				53EAE5BB1ED41CB50024F193 /* Assets.xcassets in Resources */,
				53EAE5B91ED41CB50024F193 /* Main.storyboard in Resources */,
			);
			runOnlyForDeploymentPostprocessing = 0;
		};
/* End PBXResourcesBuildPhase section */

/* Begin PBXSourcesBuildPhase section */
		53EAE5A71ED41CB50024F193 /* Sources */ = {
			isa = PBXSourcesBuildPhase;
			buildActionMask = 2147483647;
			files = (
				539DD08C1ED42DDF002089B5 /* UIView+Extension.m in Sources */,
				53EAE5B61ED41CB50024F193 /* ViewController.m in Sources */,
				53EAE5C71ED41D1A0024F193 /* ZDScrollView.m in Sources */,
				53EAE5B31ED41CB50024F193 /* AppDelegate.m in Sources */,
				53EAE5B01ED41CB50024F193 /* main.m in Sources */,
			);
			runOnlyForDeploymentPostprocessing = 0;
		};
/* End PBXSourcesBuildPhase section */

/* Begin PBXVariantGroup section */
		53EAE5B71ED41CB50024F193 /* Main.storyboard */ = {
			isa = PBXVariantGroup;
			children = (
				53EAE5B81ED41CB50024F193 /* Base */,
			);
			name = Main.storyboard;
			sourceTree = "<group>";
		};
		53EAE5BC1ED41CB50024F193 /* LaunchScreen.storyboard */ = {
			isa = PBXVariantGroup;
			children = (
				53EAE5BD1ED41CB50024F193 /* Base */,
			);
			name = LaunchScreen.storyboard;
			sourceTree = "<group>";
		};
/* End PBXVariantGroup section */

/* Begin XCBuildConfiguration section */
		53EAE5C01ED41CB50024F193 /* Debug */ = {
			isa = XCBuildConfiguration;
			buildSettings = {
				ALWAYS_SEARCH_USER_PATHS = NO;
				CLANG_ANALYZER_NONNULL = YES;
				CLANG_ANALYZER_NUMBER_OBJECT_CONVERSION = YES_AGGRESSIVE;
				CLANG_CXX_LANGUAGE_STANDARD = "gnu++0x";
				CLANG_CXX_LIBRARY = "libc++";
				CLANG_ENABLE_MODULES = YES;
				CLANG_ENABLE_OBJC_ARC = YES;
				CLANG_WARN_BOOL_CONVERSION = YES;
				CLANG_WARN_CONSTANT_CONVERSION = YES;
				CLANG_WARN_DIRECT_OBJC_ISA_USAGE = YES_ERROR;
				CLANG_WARN_DOCUMENTATION_COMMENTS = YES;
				CLANG_WARN_EMPTY_BODY = YES;
				CLANG_WARN_ENUM_CONVERSION = YES;
				CLANG_WARN_INFINITE_RECURSION = YES;
				CLANG_WARN_INT_CONVERSION = YES;
				CLANG_WARN_OBJC_ROOT_CLASS = YES_ERROR;
				CLANG_WARN_SUSPICIOUS_MOVE = YES;
				CLANG_WARN_UNREACHABLE_CODE = YES;
				CLANG_WARN__DUPLICATE_METHOD_MATCH = YES;
				"CODE_SIGN_IDENTITY[sdk=iphoneos*]" = "iPhone Developer";
				COPY_PHASE_STRIP = NO;
				DEBUG_INFORMATION_FORMAT = dwarf;
				ENABLE_STRICT_OBJC_MSGSEND = YES;
				ENABLE_TESTABILITY = YES;
				GCC_C_LANGUAGE_STANDARD = gnu99;
				GCC_DYNAMIC_NO_PIC = NO;
				GCC_NO_COMMON_BLOCKS = YES;
				GCC_OPTIMIZATION_LEVEL = 0;
				GCC_PREPROCESSOR_DEFINITIONS = (
					"DEBUG=1",
					"$(inherited)",
				);
				GCC_WARN_64_TO_32_BIT_CONVERSION = YES;
				GCC_WARN_ABOUT_RETURN_TYPE = YES_ERROR;
				GCC_WARN_UNDECLARED_SELECTOR = YES;
				GCC_WARN_UNINITIALIZED_AUTOS = YES_AGGRESSIVE;
				GCC_WARN_UNUSED_FUNCTION = YES;
				GCC_WARN_UNUSED_VARIABLE = YES;
				IPHONEOS_DEPLOYMENT_TARGET = 10.3;
				MTL_ENABLE_DEBUG_INFO = YES;
				ONLY_ACTIVE_ARCH = YES;
				SDKROOT = iphoneos;
			};
			name = Debug;
		};
		53EAE5C11ED41CB50024F193 /* Release */ = {
			isa = XCBuildConfiguration;
			buildSettings = {
				ALWAYS_SEARCH_USER_PATHS = NO;
				CLANG_ANALYZER_NONNULL = YES;
				CLANG_ANALYZER_NUMBER_OBJECT_CONVERSION = YES_AGGRESSIVE;
				CLANG_CXX_LANGUAGE_STANDARD = "gnu++0x";
				CLANG_CXX_LIBRARY = "libc++";
				CLANG_ENABLE_MODULES = YES;
				CLANG_ENABLE_OBJC_ARC = YES;
				CLANG_WARN_BOOL_CONVERSION = YES;
				CLANG_WARN_CONSTANT_CONVERSION = YES;
				CLANG_WARN_DIRECT_OBJC_ISA_USAGE = YES_ERROR;
				CLANG_WARN_DOCUMENTATION_COMMENTS = YES;
				CLANG_WARN_EMPTY_BODY = YES;
				CLANG_WARN_ENUM_CONVERSION = YES;
				CLANG_WARN_INFINITE_RECURSION = YES;
				CLANG_WARN_INT_CONVERSION = YES;
				CLANG_WARN_OBJC_ROOT_CLASS = YES_ERROR;
				CLANG_WARN_SUSPICIOUS_MOVE = YES;
				CLANG_WARN_UNREACHABLE_CODE = YES;
				CLANG_WARN__DUPLICATE_METHOD_MATCH = YES;
				"CODE_SIGN_IDENTITY[sdk=iphoneos*]" = "iPhone Developer";
				COPY_PHASE_STRIP = NO;
				DEBUG_INFORMATION_FORMAT = "dwarf-with-dsym";
				ENABLE_NS_ASSERTIONS = NO;
				ENABLE_STRICT_OBJC_MSGSEND = YES;
				GCC_C_LANGUAGE_STANDARD = gnu99;
				GCC_NO_COMMON_BLOCKS = YES;
				GCC_WARN_64_TO_32_BIT_CONVERSION = YES;
				GCC_WARN_ABOUT_RETURN_TYPE = YES_ERROR;
				GCC_WARN_UNDECLARED_SELECTOR = YES;
				GCC_WARN_UNINITIALIZED_AUTOS = YES_AGGRESSIVE;
				GCC_WARN_UNUSED_FUNCTION = YES;
				GCC_WARN_UNUSED_VARIABLE = YES;
				IPHONEOS_DEPLOYMENT_TARGET = 10.3;
				MTL_ENABLE_DEBUG_INFO = NO;
				SDKROOT = iphoneos;
				VALIDATE_PRODUCT = YES;
			};
			name = Release;
		};
		53EAE5C31ED41CB50024F193 /* Debug */ = {
			isa = XCBuildConfiguration;
			buildSettings = {
				ASSETCATALOG_COMPILER_APPICON_NAME = AppIcon;
				INFOPLIST_FILE = ScrollToCenter/Info.plist;
				LD_RUNPATH_SEARCH_PATHS = "$(inherited) @executable_path/Frameworks";
				PRODUCT_BUNDLE_IDENTIFIER = com.91guoxin.www.ScrollToCenter;
				PRODUCT_NAME = "$(TARGET_NAME)";
			};
			name = Debug;
		};
		53EAE5C41ED41CB50024F193 /* Release */ = {
			isa = XCBuildConfiguration;
			buildSettings = {
				ASSETCATALOG_COMPILER_APPICON_NAME = AppIcon;
				INFOPLIST_FILE = ScrollToCenter/Info.plist;
				LD_RUNPATH_SEARCH_PATHS = "$(inherited) @executable_path/Frameworks";
				PRODUCT_BUNDLE_IDENTIFIER = com.91guoxin.www.ScrollToCenter;
				PRODUCT_NAME = "$(TARGET_NAME)";
			};
			name = Release;
		};
/* End XCBuildConfiguration section */

/* Begin XCConfigurationList section */
		53EAE5A61ED41CB50024F193 /* Build configuration list for PBXProject "ScrollToCenter" */ = {
			isa = XCConfigurationList;
			buildConfigurations = (
				53EAE5C01ED41CB50024F193 /* Debug */,
				53EAE5C11ED41CB50024F193 /* Release */,
			);
			defaultConfigurationIsVisible = 0;
			defaultConfigurationName = Release;
		};
		53EAE5C21ED41CB50024F193 /* Build configuration list for PBXNativeTarget "ScrollToCenter" */ = {
			isa = XCConfigurationList;
			buildConfigurations = (
				53EAE5C31ED41CB50024F193 /* Debug */,
				53EAE5C41ED41CB50024F193 /* Release */,
			);
			defaultConfigurationIsVisible = 0;
			defaultConfigurationName = Release;
		};
/* End XCConfigurationList section */
	};
	rootObject = 53EAE5A31ED41CB50024F193 /* Project object */;
}
